<?xml version="1.0" encoding="utf-8"?>
<Project ToolsVersion="4.0" xmlns="http://schemas.microsoft.com/developer/msbuild/2003">
  <ItemGroup>
    <ClCompile Include="src\lua_env\lua\lapi.c">
      <Filter>src\lua_env\lua</Filter>
    </ClCompile>
    <ClCompile Include="src\lua_env\lua\lauxlib.c">
      <Filter>src\lua_env\lua</Filter>
    </ClCompile>
    <ClCompile Include="src\lua_env\lua\lbaselib.c">
      <Filter>src\lua_env\lua</Filter>
    </ClCompile>
    <ClCompile Include="src\lua_env\lua\lcode.c">
      <Filter>src\lua_env\lua</Filter>
    </ClCompile>
    <ClCompile Include="src\lua_env\lua\lcorolib.c">
      <Filter>src\lua_env\lua</Filter>
    </ClCompile>
    <ClCompile Include="src\lua_env\lua\lctype.c">
      <Filter>src\lua_env\lua</Filter>
    </ClCompile>
    <ClCompile Include="src\lua_env\lua\ldblib.c">
      <Filter>src\lua_env\lua</Filter>
    </ClCompile>
    <ClCompile Include="src\lua_env\lua\ldebug.c">
      <Filter>src\lua_env\lua</Filter>
    </ClCompile>
    <ClCompile Include="src\lua_env\lua\ldo.c">
      <Filter>src\lua_env\lua</Filter>
    </ClCompile>
    <ClCompile Include="src\lua_env\lua\ldump.c">
      <Filter>src\lua_env\lua</Filter>
    </ClCompile>
    <ClCompile Include="src\lua_env\lua\lfunc.c">
      <Filter>src\lua_env\lua</Filter>
    </ClCompile>
    <ClCompile Include="src\lua_env\lua\lgc.c">
      <Filter>src\lua_env\lua</Filter>
    </ClCompile>
    <ClCompile Include="src\lua_env\lua\linit.c">
      <Filter>src\lua_env\lua</Filter>
    </ClCompile>
    <ClCompile Include="src\lua_env\lua\liolib.c">
      <Filter>src\lua_env\lua</Filter>
    </ClCompile>
    <ClCompile Include="src\lua_env\lua\llex.c">
      <Filter>src\lua_env\lua</Filter>
    </ClCompile>
    <ClCompile Include="src\lua_env\lua\lmathlib.c">
      <Filter>src\lua_env\lua</Filter>
    </ClCompile>
    <ClCompile Include="src\lua_env\lua\lmem.c">
      <Filter>src\lua_env\lua</Filter>
    </ClCompile>
    <ClCompile Include="src\lua_env\lua\loadlib.c">
      <Filter>src\lua_env\lua</Filter>
    </ClCompile>
    <ClCompile Include="src\lua_env\lua\lobject.c">
      <Filter>src\lua_env\lua</Filter>
    </ClCompile>
    <ClCompile Include="src\lua_env\lua\lopcodes.c">
      <Filter>src\lua_env\lua</Filter>
    </ClCompile>
    <ClCompile Include="src\lua_env\lua\loslib.c">
      <Filter>src\lua_env\lua</Filter>
    </ClCompile>
    <ClCompile Include="src\lua_env\lua\lparser.c">
      <Filter>src\lua_env\lua</Filter>
    </ClCompile>
    <ClCompile Include="src\lua_env\lua\lstate.c">
      <Filter>src\lua_env\lua</Filter>
    </ClCompile>
    <ClCompile Include="src\lua_env\lua\lstring.c">
      <Filter>src\lua_env\lua</Filter>
    </ClCompile>
    <ClCompile Include="src\lua_env\lua\lstrlib.c">
      <Filter>src\lua_env\lua</Filter>
    </ClCompile>
    <ClCompile Include="src\lua_env\lua\ltable.c">
      <Filter>src\lua_env\lua</Filter>
    </ClCompile>
    <ClCompile Include="src\lua_env\lua\ltablib.c">
      <Filter>src\lua_env\lua</Filter>
    </ClCompile>
    <ClCompile Include="src\lua_env\lua\ltm.c">
      <Filter>src\lua_env\lua</Filter>
    </ClCompile>
    <ClCompile Include="src\lua_env\lua\lundump.c">
      <Filter>src\lua_env\lua</Filter>
    </ClCompile>
    <ClCompile Include="src\lua_env\lua\lutf8lib.c">
      <Filter>src\lua_env\lua</Filter>
    </ClCompile>
    <ClCompile Include="src\lua_env\lua\lvm.c">
      <Filter>src\lua_env\lua</Filter>
    </ClCompile>
    <ClCompile Include="src\lua_env\lua\lzio.c">
      <Filter>src\lua_env\lua</Filter>
    </ClCompile>
    <ClCompile Include="src\lua_env\lua_overlay.cpp">
      <Filter>src\lua_env</Filter>
    </ClCompile>
    <ClCompile Include="src\lua_env\LuaVM.cpp">
      <Filter>src\lua_env</Filter>
    </ClCompile>
    <ClCompile Include="src\mapper\drv_image\drv_image.cpp">
      <Filter>src\mapper\drv_image</Filter>
    </ClCompile>
    <ClCompile Include="src\mapper\kernel_ctx\kernel_ctx.cpp">
      <Filter>src\mapper\kernel_ctx</Filter>
    </ClCompile>
    <ClCompile Include="src\roblox\classes\classes.cpp">
      <Filter>src\roblox\classes</Filter>
    </ClCompile>
    <ClCompile Include="src\roblox\aimbot\aimbot.cpp">
      <Filter>src\roblox\aimbot</Filter>
    </ClCompile>
    <ClCompile Include="src\roblox\esp\esp.cpp">
      <Filter>src\roblox\esp</Filter>
    </ClCompile>
    <ClCompile Include="src\roblox\globals\globals.cpp">
      <Filter>src\roblox\globals</Filter>
    </ClCompile>
    <ClCompile Include="src\utils\configs\configs.cpp">
      <Filter>src\utils\configs</Filter>
    </ClCompile>
    <ClCompile Include="src\utils\datamodel\datamodel.cpp">
      <Filter>src\utils\datamodel</Filter>
    </ClCompile>
    <ClCompile Include="src\utils\overlay\imgui\imgui.cpp">
      <Filter>src\utils\overlay\imgui</Filter>
    </ClCompile>
    <ClCompile Include="src\utils\overlay\imgui\imgui_demo.cpp">
      <Filter>src\utils\overlay\imgui</Filter>
    </ClCompile>
    <ClCompile Include="src\utils\overlay\imgui\imgui_draw.cpp">
      <Filter>src\utils\overlay\imgui</Filter>
    </ClCompile>
    <ClCompile Include="src\utils\overlay\imgui\imgui_impl_dx11.cpp">
      <Filter>src\utils\overlay\imgui</Filter>
    </ClCompile>
    <ClCompile Include="src\utils\overlay\imgui\imgui_impl_win32.cpp">
      <Filter>src\utils\overlay\imgui</Filter>
    </ClCompile>
    <ClCompile Include="src\utils\overlay\imgui\imgui_tables.cpp">
      <Filter>src\utils\overlay\imgui</Filter>
    </ClCompile>
    <ClCompile Include="src\utils\overlay\imgui\imgui_widgets.cpp">
      <Filter>src\utils\overlay\imgui</Filter>
    </ClCompile>
    <ClCompile Include="src\utils\log_reader\log_reader.cpp">
      <Filter>src\utils\datamodel\log_reader</Filter>
    </ClCompile>
    <ClCompile Include="src\utils\overlay\overlay.cpp">
      <Filter>src\utils\overlay</Filter>
    </ClCompile>
    <ClCompile Include="src\utils\overlay\imgui\TextEditor.cpp">
      <Filter>src\utils\overlay\imgui</Filter>
    </ClCompile>
    <ClCompile Include="src\nav_elements.cpp">
      <Filter>src\utils\misc</Filter>
    </ClCompile>
    <ClCompile Include="src\entry.cpp">
      <Filter>src</Filter>
    </ClCompile>
    <ClCompile Include="src\anti_tamper\anti_module\anti_module.cpp">
      <Filter>src\anti_tamper\anti_module</Filter>
    </ClCompile>
    <ClCompile Include="src\utils\singleton\singleton.cpp">
      <Filter>src\utils\singleton</Filter>
    </ClCompile>
    <ClCompile Include="src\anti_tamper\trap_flag\trap_flag.cpp">
      <Filter>src\anti_tamper\trap_flag</Filter>
    </ClCompile>
    <ClCompile Include="src\anti_tamper\anti_debug\anti_debug.cpp">
      <Filter>src\anti_tamper\anti_debug</Filter>
    </ClCompile>
  </ItemGroup>
  <ItemGroup>
    <ClInclude Include="dependencies\lua\lapi.h">
      <Filter>src\lua_env\lua</Filter>
    </ClInclude>
    <ClInclude Include="dependencies\lua\lauxlib.h">
      <Filter>src\lua_env\lua</Filter>
    </ClInclude>
    <ClInclude Include="dependencies\lua\lcode.h">
      <Filter>src\lua_env\lua</Filter>
    </ClInclude>
    <ClInclude Include="dependencies\lua\lctype.h">
      <Filter>src\lua_env\lua</Filter>
    </ClInclude>
    <ClInclude Include="dependencies\lua\ldebug.h">
      <Filter>src\lua_env\lua</Filter>
    </ClInclude>
    <ClInclude Include="dependencies\lua\ldo.h">
      <Filter>src\lua_env\lua</Filter>
    </ClInclude>
    <ClInclude Include="dependencies\lua\lfunc.h">
      <Filter>src\lua_env\lua</Filter>
    </ClInclude>
    <ClInclude Include="dependencies\lua\lgc.h">
      <Filter>src\lua_env\lua</Filter>
    </ClInclude>
    <ClInclude Include="dependencies\lua\lobject.h">
      <Filter>src\lua_env\lua</Filter>
    </ClInclude>
    <ClInclude Include="dependencies\lua\ljumptab.h">
      <Filter>src\lua_env\lua</Filter>
    </ClInclude>
    <ClInclude Include="dependencies\lua\llex.h">
      <Filter>src\lua_env\lua</Filter>
    </ClInclude>
    <ClInclude Include="dependencies\lua\llimits.h">
      <Filter>src\lua_env\lua</Filter>
    </ClInclude>
    <ClInclude Include="dependencies\lua\lmem.h">
      <Filter>src\lua_env\lua</Filter>
    </ClInclude>
    <ClInclude Include="dependencies\lua\lopcodes.h">
      <Filter>src\lua_env\lua</Filter>
    </ClInclude>
    <ClInclude Include="dependencies\lua\lopnames.h">
      <Filter>src\lua_env\lua</Filter>
    </ClInclude>
    <ClInclude Include="dependencies\lua\lparser.h">
      <Filter>src\lua_env\lua</Filter>
    </ClInclude>
    <ClInclude Include="dependencies\lua\lprefix.h">
      <Filter>src\lua_env\lua</Filter>
    </ClInclude>
    <ClInclude Include="dependencies\lua\lstate.h">
      <Filter>src\lua_env\lua</Filter>
    </ClInclude>
    <ClInclude Include="dependencies\lua\lstring.h">
      <Filter>src\lua_env\lua</Filter>
    </ClInclude>
    <ClInclude Include="dependencies\lua\ltable.h">
      <Filter>src\lua_env\lua</Filter>
    </ClInclude>
    <ClInclude Include="dependencies\lua\ltm.h">
      <Filter>src\lua_env\lua</Filter>
    </ClInclude>
    <ClInclude Include="dependencies\lua\lua.h">
      <Filter>src\lua_env\lua</Filter>
    </ClInclude>
    <ClInclude Include="dependencies\lua\lundump.h">
      <Filter>src\lua_env\lua</Filter>
    </ClInclude>
    <ClInclude Include="dependencies\lua\lvm.h">
      <Filter>src\lua_env\lua</Filter>
    </ClInclude>
    <ClInclude Include="dependencies\lua\lzio.h">
      <Filter>src\lua_env\lua</Filter>
    </ClInclude>
    <ClInclude Include="src\lua_env\lua_overlay.hpp">
      <Filter>src\lua_env</Filter>
    </ClInclude>
    <ClInclude Include="dependencies\lua\lua.hpp">
      <Filter>src\lua_env\lua</Filter>
    </ClInclude>
    <ClInclude Include="dependencies\lua\luaconf.h">
      <Filter>src\lua_env\lua</Filter>
    </ClInclude>
    <ClInclude Include="src\lua_env\LuaVM.hpp">
      <Filter>src\lua_env</Filter>
    </ClInclude>
    <ClInclude Include="src\mapper\util\hook.hpp">
      <Filter>src\mapper\util</Filter>
    </ClInclude>
    <ClInclude Include="src\mapper\util\nt.hpp">
      <Filter>src\mapper\util</Filter>
    </ClInclude>
    <ClInclude Include="src\mapper\util\util.hpp">
      <Filter>src\mapper\util</Filter>
    </ClInclude>
    <ClInclude Include="src\mapper\drv_image\drv_image.h">
      <Filter>src\mapper\drv_image</Filter>
    </ClInclude>
    <ClInclude Include="src\mapper\kernel_ctx\kernel_ctx.h">
      <Filter>src\mapper\kernel_ctx</Filter>
    </ClInclude>
    <ClInclude Include="src\mapper\physmeme\physmeme.hpp">
      <Filter>src\mapper\physmeme</Filter>
    </ClInclude>
    <ClInclude Include="src\mapper\physmeme.hpp">
      <Filter>src\mapper</Filter>
    </ClInclude>
    <ClInclude Include="src\mapper\raw_driver.hpp">
      <Filter>src\mapper</Filter>
    </ClInclude>
    <ClInclude Include="src\mapper\loadup.hpp">
      <Filter>src\mapper</Filter>
    </ClInclude>
    <ClInclude Include="src\roblox\classes\classes.hpp">
      <Filter>src\roblox\classes</Filter>
    </ClInclude>
    <ClInclude Include="src\roblox\aimbot\aimbot.hpp">
      <Filter>src\roblox\aimbot</Filter>
    </ClInclude>
    <ClInclude Include="src\roblox\esp\esp.hpp">
      <Filter>src\roblox\esp</Filter>
    </ClInclude>
    <ClInclude Include="src\roblox\driver\driver_impl.hpp">
      <Filter>src\roblox\classes\driver</Filter>
    </ClInclude>
    <ClInclude Include="src\mapper\driver_data.hpp">
      <Filter>src\mapper</Filter>
    </ClInclude>
    <ClInclude Include="src\roblox\globals\globals.hpp">
      <Filter>src\roblox\globals</Filter>
    </ClInclude>
    <ClInclude Include="src\utils\configs\configs.hpp">
      <Filter>src\utils\configs</Filter>
    </ClInclude>
    <ClInclude Include="src\utils\datamodel\datamodel.hpp">
      <Filter>src\utils\datamodel</Filter>
    </ClInclude>
    <ClInclude Include="src\utils\overlay\imgui\imconfig.h">
      <Filter>src\utils\overlay\imgui</Filter>
    </ClInclude>
    <ClInclude Include="src\utils\overlay\imgui\imgui.h">
      <Filter>src\utils\overlay\imgui</Filter>
    </ClInclude>
    <ClInclude Include="src\utils\overlay\imgui\imgui_impl_dx11.h">
      <Filter>src\utils\overlay\imgui</Filter>
    </ClInclude>
    <ClInclude Include="src\utils\overlay\imgui\imgui_impl_win32.h">
      <Filter>src\utils\overlay\imgui</Filter>
    </ClInclude>
    <ClInclude Include="src\utils\overlay\imgui\imgui_internal.h">
      <Filter>src\utils\overlay\imgui</Filter>
    </ClInclude>
    <ClInclude Include="src\utils\overlay\imgui\imstb_rectpack.h">
      <Filter>src\utils\overlay\imgui</Filter>
    </ClInclude>
    <ClInclude Include="src\utils\overlay\imgui\imstb_textedit.h">
      <Filter>src\utils\overlay\imgui</Filter>
    </ClInclude>
    <ClInclude Include="src\utils\overlay\imgui\imstb_truetype.h">
      <Filter>src\utils\overlay\imgui</Filter>
    </ClInclude>
    <ClInclude Include="src\utils\json\json.hpp">
      <Filter>src\utils\datamodel\json</Filter>
    </ClInclude>
    <ClInclude Include="src\utils\overlay\keyauth\json.hpp">
      <Filter>src\utils\datamodel\json</Filter>
    </ClInclude>
    <ClInclude Include="src\utils\log_reader\log_reader.hpp">
      <Filter>src\utils\datamodel\log_reader</Filter>
    </ClInclude>
    <ClInclude Include="src\utils\overlay\ckeybind\keybind.hpp">
      <Filter>src\utils\overlay\ckeybind</Filter>
    </ClInclude>
    <ClInclude Include="dependencies\lua\lualib.h">
      <Filter>src\lua_env\lua</Filter>
    </ClInclude>
    <ClInclude Include="src\utils\skcrypt\skStr.hpp">
      <Filter>src\utils\skcrypt</Filter>
    </ClInclude>
    <ClInclude Include="src\utils\xorstr\xorstr.hpp">
      <Filter>src\utils\xorstr</Filter>
    </ClInclude>
    <ClInclude Include="src\utils\overlay\keyauth\utils.hpp">
      <Filter>src\utils\datamodel\log_reader</Filter>
    </ClInclude>
    <ClInclude Include="dependencies\keyauth\keyauth.hpp">
      <Filter>src\utils\overlay\auth</Filter>
    </ClInclude>
    <ClInclude Include="src\utils\overlay\overlay.hpp">
      <Filter>src\utils\overlay</Filter>
    </ClInclude>
    <ClInclude Include="src\animation.h">
      <Filter>src\utils\overlay\imgui</Filter>
    </ClInclude>
    <ClInclude Include="src\icons.h">
      <Filter>src\utils\overlay\icons</Filter>
    </ClInclude>
    <ClInclude Include="src\fonts.h">
      <Filter>src\utils\overlay\icons</Filter>
    </ClInclude>
    <ClInclude Include="src\icon.h">
      <Filter>src\utils\overlay\icons</Filter>
    </ClInclude>
    <ClInclude Include="src\nav_elements.h">
      <Filter>src\utils\misc</Filter>
    </ClInclude>
    <ClInclude Include="src\font_raw.h">
      <Filter>src\utils\misc</Filter>
    </ClInclude>
    <ClInclude Include="src\segue_font.h">
      <Filter>src\utils\overlay\icons</Filter>
    </ClInclude>
    <ClInclude Include="src\ico_font.h">
      <Filter>src\utils\overlay\icons</Filter>
    </ClInclude>
    <ClInclude Include="src\anti_tamper\anti_module\anti_module.hpp">
      <Filter>src\anti_tamper\anti_module</Filter>
    </ClInclude>
    <ClInclude Include="src\utils\singleton\singleton.hpp">
      <Filter>src\utils\singleton</Filter>
    </ClInclude>
    <ClInclude Include="src\anti_tamper\trap_flag\trap_flag.hpp">
      <Filter>src\anti_tamper\trap_flag</Filter>
    </ClInclude>
    <ClInclude Include="src\anti_tamper\anti_debug\anti_debug.hpp">
      <Filter>src\anti_tamper\anti_debug</Filter>
    </ClInclude>
  </ItemGroup>
  <ItemGroup>
    <Library Include="libraries\library_x64.lib">
      <Filter>src\utils\overlay\auth</Filter>
    </Library>
    <Library Include="libraries\libcurl.lib">
      <Filter>src\utils\overlay\auth</Filter>
    </Library>
  </ItemGroup>
  <ItemGroup>
    <Filter Include="src">
      <UniqueIdentifier>{9705fa0c-87ba-4d53-a400-a9962d44214d}</UniqueIdentifier>
    </Filter>
    <Filter Include="src\roblox">
      <UniqueIdentifier>{015530c3-b7fd-48ca-bb64-a0a65e4a7df0}</UniqueIdentifier>
    </Filter>
    <Filter Include="src\roblox\aimbot">
      <UniqueIdentifier>{f6a1315e-51ff-400a-bf22-3bf133fda901}</UniqueIdentifier>
    </Filter>
    <Filter Include="src\roblox\classes">
      <UniqueIdentifier>{01b17bb3-1e2f-4fcc-973a-bb22434e4bf8}</UniqueIdentifier>
    </Filter>
    <Filter Include="src\roblox\classes\driver">
      <UniqueIdentifier>{0ff34cab-35f6-44d5-8dcf-eb96b1cb8672}</UniqueIdentifier>
    </Filter>
    <Filter Include="src\roblox\globals">
      <UniqueIdentifier>{60d50bb2-9271-4bfc-86e9-920257430cb7}</UniqueIdentifier>
    </Filter>
    <Filter Include="src\roblox\esp">
      <UniqueIdentifier>{ee62e0be-f806-4c5f-8bae-e9401961d6fd}</UniqueIdentifier>
    </Filter>
    <Filter Include="src\utils">
      <UniqueIdentifier>{2e88e5e5-7622-42fd-a315-5d59b7e096ad}</UniqueIdentifier>
    </Filter>
    <Filter Include="src\utils\configs">
      <UniqueIdentifier>{ee362f4b-4001-404a-93f8-5e4cd499d46a}</UniqueIdentifier>
    </Filter>
    <Filter Include="src\utils\datamodel">
      <UniqueIdentifier>{eeae8b9e-7c06-4b71-b897-d67930269ad6}</UniqueIdentifier>
    </Filter>
    <Filter Include="src\utils\datamodel\json">
      <UniqueIdentifier>{63f150ec-8f46-43e4-98b6-91ae4e09f629}</UniqueIdentifier>
    </Filter>
    <Filter Include="src\utils\skcrypt">
      <UniqueIdentifier>{57fb4cc6-6189-43bc-9d14-1d0fbc010bb6}</UniqueIdentifier>
    </Filter>
    <Filter Include="src\utils\xorstr">
      <UniqueIdentifier>{ee114689-92be-4491-a2ea-3afc7bd1e24d}</UniqueIdentifier>
    </Filter>
    <Filter Include="src\utils\misc">
      <UniqueIdentifier>{3aceeb69-e254-422c-854c-acf9e8c7c699}</UniqueIdentifier>
    </Filter>
    <Filter Include="src\utils\overlay">
      <UniqueIdentifier>{1ec5a5ed-9354-43fa-8b1a-f41e6ca542dc}</UniqueIdentifier>
    </Filter>
    <Filter Include="src\utils\overlay\ckeybind">
      <UniqueIdentifier>{459b9621-d9e2-4f4c-a510-78a82f666511}</UniqueIdentifier>
    </Filter>
    <Filter Include="src\utils\overlay\imgui">
      <UniqueIdentifier>{8a0239ee-500b-4c65-8562-0fc7c03dfb42}</UniqueIdentifier>
    </Filter>
    <Filter Include="src\utils\overlay\auth">
      <UniqueIdentifier>{acd5d211-7248-4288-ba27-ed453de76699}</UniqueIdentifier>
    </Filter>
    <Filter Include="src\utils\overlay\icons">
      <UniqueIdentifier>{ea5b653a-fb74-42ef-a3a7-9f74950cc10a}</UniqueIdentifier>
    </Filter>
    <Filter Include="src\mapper">
      <UniqueIdentifier>{ff7b2c84-f384-41fb-9d41-085eaaa34ce8}</UniqueIdentifier>
    </Filter>
    <Filter Include="src\mapper\kernel_ctx">
      <UniqueIdentifier>{656d65eb-3826-496f-abe7-d4ffd8ec2b2e}</UniqueIdentifier>
    </Filter>
    <Filter Include="src\mapper\drv_image">
      <UniqueIdentifier>{e8991b65-3ed8-4379-b8c8-d9dd9c4d7d81}</UniqueIdentifier>
    </Filter>
    <Filter Include="src\mapper\physmeme">
      <UniqueIdentifier>{6b7c1be6-abf9-4c34-b863-e64cec72db1c}</UniqueIdentifier>
    </Filter>
    <Filter Include="src\mapper\util">
      <UniqueIdentifier>{cfbcf0f3-e519-49c0-938e-16e9022f73ef}</UniqueIdentifier>
    </Filter>
    <Filter Include="src\lua_env">
      <UniqueIdentifier>{b3355d92-2b1a-4277-95d1-6da40d0cbeee}</UniqueIdentifier>
    </Filter>
    <Filter Include="src\lua_env\lua">
      <UniqueIdentifier>{a54165a4-29ad-49a4-8ae1-e1358b42a199}</UniqueIdentifier>
    </Filter>
    <Filter Include="src\utils\datamodel\log_reader">
      <UniqueIdentifier>{813a9a3b-b566-40aa-9058-d57f8dcf49b8}</UniqueIdentifier>
    </Filter>
    <Filter Include="src\anti_tamper">
      <UniqueIdentifier>{8b3aee40-cba7-42a6-8133-575732ce30ad}</UniqueIdentifier>
    </Filter>
    <Filter Include="src\anti_tamper\anti_module">
      <UniqueIdentifier>{c86481f9-400a-438f-8931-55d45ee3162b}</UniqueIdentifier>
    </Filter>
    <Filter Include="src\utils\singleton">
      <UniqueIdentifier>{8573571a-4942-4554-a087-3d8cc04de7fc}</UniqueIdentifier>
    </Filter>
    <Filter Include="src\anti_tamper\trap_flag">
      <UniqueIdentifier>{a7443b04-f001-4887-a532-473cdfde515f}</UniqueIdentifier>
    </Filter>
    <Filter Include="src\anti_tamper\anti_debug">
      <UniqueIdentifier>{b7620dcb-be38-4021-85b5-2d8b83a0c302}</UniqueIdentifier>
    </Filter>
  </ItemGroup>
</Project>